{
  "name": "no-api",
  "version": "1.0.0",
  "lockfileVersion": 1,
  "requires": true,
  "dependencies": {
    "@fluvio/client": {
      "version": "0.1.2",
      "resolved": "https://registry.npmjs.org/@fluvio/client/-/client-0.1.2.tgz",
      "integrity": "sha512-pHR4K0b3eyo6dCHLtsrQisapdyRWoS/RPGEuerdsBQsI7LF7SpOu+Hc9O/DeT0/Xw7WXrLp23vlX+tl2QxzhQg=="
    }
  }
}
