{
  "name": "no-api",
  "version": "1.0.0",
  "lockfileVersion": 1,
  "requires": true,
  "dependencies": {
    "@fluvio/client": {
      "version": "0.1.2",
      "resolved": "https://registry.npmjs.org/@fluvio/client/-/client-0.1.2.tgz",
      "integrity": "sha512-pHR4K0b3eyo6dCHLtsrQisapdyRWoS/RPGEuerdsBQsI7LF7SpOu+Hc9O/DeT0/Xw7WXrLp23vlX+tl2QxzhQg=="
    },
    "commander": {
      "version": "4.1.1",
      "resolved": "https://registry.npmjs.org/commander/-/commander-4.1.1.tgz",
      "integrity": "sha512-NOKm8xhkzAjzFx8B2v5OAHT+u5pRQc2UCa2Vq9jYL/31o2wi9mxBA7LIFs3sV5VSC49z6pEhfbMULvShKj26WA=="
    },
    "toml": {
      "version": "3.0.0",
      "resolved": "https://registry.npmjs.org/toml/-/toml-3.0.0.tgz",
      "integrity": "sha512-y/mWCZinnvxjTKYhJ+pYxwD0mRLVvOtdS2Awbgxln6iEnt4rk0yBxeSBHkGJcPucRiG0e55mwWp+g/05rsrd6w=="
    }
  }
}
